// !$*UTF8*$!
{
	archiveVersion = 1;
	classes = {
	};
	objectVersion = 56;
	objects = {

/* Begin PBXBuildFile section */
		7F308B4E2B1ED679009682EB /* Image.swift in Sources */ = {isa = PBXBuildFile; fileRef = 7F308B4D2B1ED679009682EB /* Image.swift */; };
		7F5684D92B5477EE00BAFDE9 /* MainCoordinator.swift in Sources */ = {isa = PBXBuildFile; fileRef = 7F5684D82B5477EE00BAFDE9 /* MainCoordinator.swift */; };
		7F5684DB2B54813200BAFDE9 /* NavigationState.swift in Sources */ = {isa = PBXBuildFile; fileRef = 7F5684DA2B54813200BAFDE9 /* NavigationState.swift */; };
		7F5684DD2B54851200BAFDE9 /* NavigationPathing.swift in Sources */ = {isa = PBXBuildFile; fileRef = 7F5684DC2B54851200BAFDE9 /* NavigationPathing.swift */; };
		7F5684DF2B5488DE00BAFDE9 /* CategoryViewState.swift in Sources */ = {isa = PBXBuildFile; fileRef = 7F5684DE2B5488DE00BAFDE9 /* CategoryViewState.swift */; };
		7F5684E12B54BB4600BAFDE9 /* CategoryViewInteractor.swift in Sources */ = {isa = PBXBuildFile; fileRef = 7F5684E02B54BB4600BAFDE9 /* CategoryViewInteractor.swift */; };
		7F5684E32B54D88800BAFDE9 /* ViewInteractorBase.swift in Sources */ = {isa = PBXBuildFile; fileRef = 7F5684E22B54D88800BAFDE9 /* ViewInteractorBase.swift */; };
		7F5684E52B557C9F00BAFDE9 /* ViewInteracting.swift in Sources */ = {isa = PBXBuildFile; fileRef = 7F5684E42B557C9F00BAFDE9 /* ViewInteracting.swift */; };
		7F65F99F2B4A68B1007E6F2C /* Logger.swift in Sources */ = {isa = PBXBuildFile; fileRef = 7F65F99E2B4A68B1007E6F2C /* Logger.swift */; };
		7F87BFDC2B2C02E3000F6251 /* HomeCategoryListRow.swift in Sources */ = {isa = PBXBuildFile; fileRef = 7F87BFDB2B2C02E3000F6251 /* HomeCategoryListRow.swift */; };
		7F87BFDF2B30DA14000F6251 /* CategoryView.swift in Sources */ = {isa = PBXBuildFile; fileRef = 7F87BFDE2B30DA14000F6251 /* CategoryView.swift */; };
		7FB273042B1ECFF400AAC5DB /* VvsiSampleApp.swift in Sources */ = {isa = PBXBuildFile; fileRef = 7FB273032B1ECFF400AAC5DB /* VvsiSampleApp.swift */; };
		7FB273062B1ECFF400AAC5DB /* HomeView.swift in Sources */ = {isa = PBXBuildFile; fileRef = 7FB273052B1ECFF400AAC5DB /* HomeView.swift */; };
		7FB273082B1ECFF500AAC5DB /* Assets.xcassets in Resources */ = {isa = PBXBuildFile; fileRef = 7FB273072B1ECFF500AAC5DB /* Assets.xcassets */; };
		7FB2730C2B1ECFF500AAC5DB /* Preview Assets.xcassets in Resources */ = {isa = PBXBuildFile; fileRef = 7FB2730B2B1ECFF500AAC5DB /* Preview Assets.xcassets */; };
		7FB273162B1ECFF500AAC5DB /* VvsiSampleTests.swift in Sources */ = {isa = PBXBuildFile; fileRef = 7FB273152B1ECFF500AAC5DB /* VvsiSampleTests.swift */; };
		7FB273202B1ECFF500AAC5DB /* VvsiSampleUITests.swift in Sources */ = {isa = PBXBuildFile; fileRef = 7FB2731F2B1ECFF500AAC5DB /* VvsiSampleUITests.swift */; };
		7FB273222B1ECFF500AAC5DB /* VvsiSampleUITestsLaunchTests.swift in Sources */ = {isa = PBXBuildFile; fileRef = 7FB273212B1ECFF500AAC5DB /* VvsiSampleUITestsLaunchTests.swift */; };
		7FE20FF12B3F4B020087FAA5 /* ViewStateBase.swift in Sources */ = {isa = PBXBuildFile; fileRef = 7FE20FF02B3F4B020087FAA5 /* ViewStateBase.swift */; };
		7FE20FF32B3F54A90087FAA5 /* AppAlert.swift in Sources */ = {isa = PBXBuildFile; fileRef = 7FE20FF22B3F54A90087FAA5 /* AppAlert.swift */; };
		7FE20FF52B3F612D0087FAA5 /* HomeViewState.swift in Sources */ = {isa = PBXBuildFile; fileRef = 7FE20FF42B3F612D0087FAA5 /* HomeViewState.swift */; };
		7FE20FF82B40C4DF0087FAA5 /* ChuckNorrisIoRequest.swift in Sources */ = {isa = PBXBuildFile; fileRef = 7FE20FF72B40C4DF0087FAA5 /* ChuckNorrisIoRequest.swift */; };
		7FE20FFA2B43C2E20087FAA5 /* AppUrlSession.swift in Sources */ = {isa = PBXBuildFile; fileRef = 7FE20FF92B43C2E20087FAA5 /* AppUrlSession.swift */; };
		7FE20FFD2B47A5C90087FAA5 /* ChuckNorrisJoke.swift in Sources */ = {isa = PBXBuildFile; fileRef = 7FE20FFC2B47A5C90087FAA5 /* ChuckNorrisJoke.swift */; };
		7FE20FFF2B47A7550087FAA5 /* HomeViewInteractor.swift in Sources */ = {isa = PBXBuildFile; fileRef = 7FE20FFE2B47A7550087FAA5 /* HomeViewInteractor.swift */; };
		7FE210012B47A7E50087FAA5 /* AppUrlSessionHandling.swift in Sources */ = {isa = PBXBuildFile; fileRef = 7FE210002B47A7E50087FAA5 /* AppUrlSessionHandling.swift */; };
		7FE311572B21676E00E097D7 /* Font.swift in Sources */ = {isa = PBXBuildFile; fileRef = 7FE311562B21676E00E097D7 /* Font.swift */; };
		7FE3115C2B21705900E097D7 /* TextModifiers.swift in Sources */ = {isa = PBXBuildFile; fileRef = 7FE3115B2B21705900E097D7 /* TextModifiers.swift */; };
		7FE311642B22BDA800E097D7 /* AppButtonStyle.swift in Sources */ = {isa = PBXBuildFile; fileRef = 7FE311632B22BDA800E097D7 /* AppButtonStyle.swift */; };
/* End PBXBuildFile section */

/* Begin PBXContainerItemProxy section */
		7FB273122B1ECFF500AAC5DB /* PBXContainerItemProxy */ = {
			isa = PBXContainerItemProxy;
			containerPortal = 7FB272F82B1ECFF400AAC5DB /* Project object */;
			proxyType = 1;
			remoteGlobalIDString = 7FB272FF2B1ECFF400AAC5DB;
			remoteInfo = VvsiSample;
		};
		7FB2731C2B1ECFF500AAC5DB /* PBXContainerItemProxy */ = {
			isa = PBXContainerItemProxy;
			containerPortal = 7FB272F82B1ECFF400AAC5DB /* Project object */;
			proxyType = 1;
			remoteGlobalIDString = 7FB272FF2B1ECFF400AAC5DB;
			remoteInfo = VvsiSample;
		};
/* End PBXContainerItemProxy section */

/* Begin PBXFileReference section */
		7F308B4D2B1ED679009682EB /* Image.swift */ = {isa = PBXFileReference; lastKnownFileType = sourcecode.swift; path = Image.swift; sourceTree = "<group>"; };
		7F5684D82B5477EE00BAFDE9 /* MainCoordinator.swift */ = {isa = PBXFileReference; lastKnownFileType = sourcecode.swift; path = MainCoordinator.swift; sourceTree = "<group>"; };
		7F5684DA2B54813200BAFDE9 /* NavigationState.swift */ = {isa = PBXFileReference; lastKnownFileType = sourcecode.swift; path = NavigationState.swift; sourceTree = "<group>"; };
		7F5684DC2B54851200BAFDE9 /* NavigationPathing.swift */ = {isa = PBXFileReference; lastKnownFileType = sourcecode.swift; path = NavigationPathing.swift; sourceTree = "<group>"; };
		7F5684DE2B5488DE00BAFDE9 /* CategoryViewState.swift */ = {isa = PBXFileReference; lastKnownFileType = sourcecode.swift; path = CategoryViewState.swift; sourceTree = "<group>"; };
		7F5684E02B54BB4600BAFDE9 /* CategoryViewInteractor.swift */ = {isa = PBXFileReference; lastKnownFileType = sourcecode.swift; path = CategoryViewInteractor.swift; sourceTree = "<group>"; };
		7F5684E22B54D88800BAFDE9 /* ViewInteractorBase.swift */ = {isa = PBXFileReference; lastKnownFileType = sourcecode.swift; path = ViewInteractorBase.swift; sourceTree = "<group>"; };
		7F5684E42B557C9F00BAFDE9 /* ViewInteracting.swift */ = {isa = PBXFileReference; lastKnownFileType = sourcecode.swift; path = ViewInteracting.swift; sourceTree = "<group>"; };
		7F65F99E2B4A68B1007E6F2C /* Logger.swift */ = {isa = PBXFileReference; lastKnownFileType = sourcecode.swift; path = Logger.swift; sourceTree = "<group>"; };
		7F87BFDB2B2C02E3000F6251 /* HomeCategoryListRow.swift */ = {isa = PBXFileReference; lastKnownFileType = sourcecode.swift; path = HomeCategoryListRow.swift; sourceTree = "<group>"; };
		7F87BFDE2B30DA14000F6251 /* CategoryView.swift */ = {isa = PBXFileReference; lastKnownFileType = sourcecode.swift; path = CategoryView.swift; sourceTree = "<group>"; };
		7FB273002B1ECFF400AAC5DB /* VvsiSample.app */ = {isa = PBXFileReference; explicitFileType = wrapper.application; includeInIndex = 0; path = VvsiSample.app; sourceTree = BUILT_PRODUCTS_DIR; };
		7FB273032B1ECFF400AAC5DB /* VvsiSampleApp.swift */ = {isa = PBXFileReference; lastKnownFileType = sourcecode.swift; path = VvsiSampleApp.swift; sourceTree = "<group>"; };
		7FB273052B1ECFF400AAC5DB /* HomeView.swift */ = {isa = PBXFileReference; lastKnownFileType = sourcecode.swift; path = HomeView.swift; sourceTree = "<group>"; };
		7FB273072B1ECFF500AAC5DB /* Assets.xcassets */ = {isa = PBXFileReference; lastKnownFileType = folder.assetcatalog; path = Assets.xcassets; sourceTree = "<group>"; };
		7FB273092B1ECFF500AAC5DB /* VvsiSample.entitlements */ = {isa = PBXFileReference; lastKnownFileType = text.plist.entitlements; path = VvsiSample.entitlements; sourceTree = "<group>"; };
		7FB2730B2B1ECFF500AAC5DB /* Preview Assets.xcassets */ = {isa = PBXFileReference; lastKnownFileType = folder.assetcatalog; path = "Preview Assets.xcassets"; sourceTree = "<group>"; };
		7FB273112B1ECFF500AAC5DB /* VvsiSampleTests.xctest */ = {isa = PBXFileReference; explicitFileType = wrapper.cfbundle; includeInIndex = 0; path = VvsiSampleTests.xctest; sourceTree = BUILT_PRODUCTS_DIR; };
		7FB273152B1ECFF500AAC5DB /* VvsiSampleTests.swift */ = {isa = PBXFileReference; lastKnownFileType = sourcecode.swift; path = VvsiSampleTests.swift; sourceTree = "<group>"; };
		7FB2731B2B1ECFF500AAC5DB /* VvsiSampleUITests.xctest */ = {isa = PBXFileReference; explicitFileType = wrapper.cfbundle; includeInIndex = 0; path = VvsiSampleUITests.xctest; sourceTree = BUILT_PRODUCTS_DIR; };
		7FB2731F2B1ECFF500AAC5DB /* VvsiSampleUITests.swift */ = {isa = PBXFileReference; lastKnownFileType = sourcecode.swift; path = VvsiSampleUITests.swift; sourceTree = "<group>"; };
		7FB273212B1ECFF500AAC5DB /* VvsiSampleUITestsLaunchTests.swift */ = {isa = PBXFileReference; lastKnownFileType = sourcecode.swift; path = VvsiSampleUITestsLaunchTests.swift; sourceTree = "<group>"; };
		7FE20FF02B3F4B020087FAA5 /* ViewStateBase.swift */ = {isa = PBXFileReference; lastKnownFileType = sourcecode.swift; path = ViewStateBase.swift; sourceTree = "<group>"; };
		7FE20FF22B3F54A90087FAA5 /* AppAlert.swift */ = {isa = PBXFileReference; lastKnownFileType = sourcecode.swift; path = AppAlert.swift; sourceTree = "<group>"; };
		7FE20FF42B3F612D0087FAA5 /* HomeViewState.swift */ = {isa = PBXFileReference; lastKnownFileType = sourcecode.swift; path = HomeViewState.swift; sourceTree = "<group>"; };
		7FE20FF72B40C4DF0087FAA5 /* ChuckNorrisIoRequest.swift */ = {isa = PBXFileReference; lastKnownFileType = sourcecode.swift; path = ChuckNorrisIoRequest.swift; sourceTree = "<group>"; };
		7FE20FF92B43C2E20087FAA5 /* AppUrlSession.swift */ = {isa = PBXFileReference; lastKnownFileType = sourcecode.swift; path = AppUrlSession.swift; sourceTree = "<group>"; };
		7FE20FFC2B47A5C90087FAA5 /* ChuckNorrisJoke.swift */ = {isa = PBXFileReference; lastKnownFileType = sourcecode.swift; path = ChuckNorrisJoke.swift; sourceTree = "<group>"; };
		7FE20FFE2B47A7550087FAA5 /* HomeViewInteractor.swift */ = {isa = PBXFileReference; lastKnownFileType = sourcecode.swift; path = HomeViewInteractor.swift; sourceTree = "<group>"; };
		7FE210002B47A7E50087FAA5 /* AppUrlSessionHandling.swift */ = {isa = PBXFileReference; lastKnownFileType = sourcecode.swift; path = AppUrlSessionHandling.swift; sourceTree = "<group>"; };
		7FE311562B21676E00E097D7 /* Font.swift */ = {isa = PBXFileReference; lastKnownFileType = sourcecode.swift; path = Font.swift; sourceTree = "<group>"; };
		7FE3115B2B21705900E097D7 /* TextModifiers.swift */ = {isa = PBXFileReference; lastKnownFileType = sourcecode.swift; path = TextModifiers.swift; sourceTree = "<group>"; };
		7FE311632B22BDA800E097D7 /* AppButtonStyle.swift */ = {isa = PBXFileReference; lastKnownFileType = sourcecode.swift; path = AppButtonStyle.swift; sourceTree = "<group>"; };
/* End PBXFileReference section */

/* Begin PBXFrameworksBuildPhase section */
		7FB272FD2B1ECFF400AAC5DB /* Frameworks */ = {
			isa = PBXFrameworksBuildPhase;
			buildActionMask = 2147483647;
			files = (
			);
			runOnlyForDeploymentPostprocessing = 0;
		};
		7FB2730E2B1ECFF500AAC5DB /* Frameworks */ = {
			isa = PBXFrameworksBuildPhase;
			buildActionMask = 2147483647;
			files = (
			);
			runOnlyForDeploymentPostprocessing = 0;
		};
		7FB273182B1ECFF500AAC5DB /* Frameworks */ = {
			isa = PBXFrameworksBuildPhase;
			buildActionMask = 2147483647;
			files = (
			);
			runOnlyForDeploymentPostprocessing = 0;
		};
/* End PBXFrameworksBuildPhase section */

/* Begin PBXGroup section */
		7F308B4C2B1ED651009682EB /* Extensions */ = {
			isa = PBXGroup;
			children = (
				7FE311562B21676E00E097D7 /* Font.swift */,
				7F308B4D2B1ED679009682EB /* Image.swift */,
				7F65F99E2B4A68B1007E6F2C /* Logger.swift */,
			);
			path = Extensions;
			sourceTree = "<group>";
		};
		7F308B4F2B1ED7D3009682EB /* Views */ = {
			isa = PBXGroup;
			children = (
				7FE3115D2B22A78800E097D7 /* _Components */,
				7FE20FEF2B3F4AE90087FAA5 /* _Helpers */,
				7FE3115A2B21702800E097D7 /* _Modifiers */,
				7F5684D72B5477A000BAFDE9 /* _Navigation */,
				7F87BFDD2B30D9FB000F6251 /* Category */,
				7F87BFDA2B2C00A5000F6251 /* Home */,
			);
			path = Views;
			sourceTree = "<group>";
		};
		7F5684D72B5477A000BAFDE9 /* _Navigation */ = {
			isa = PBXGroup;
			children = (
				7F5684D82B5477EE00BAFDE9 /* MainCoordinator.swift */,
				7F5684DA2B54813200BAFDE9 /* NavigationState.swift */,
				7F5684DC2B54851200BAFDE9 /* NavigationPathing.swift */,
			);
			path = _Navigation;
			sourceTree = "<group>";
		};
		7F87BFDA2B2C00A5000F6251 /* Home */ = {
			isa = PBXGroup;
			children = (
				7F87BFDB2B2C02E3000F6251 /* HomeCategoryListRow.swift */,
				7FB273052B1ECFF400AAC5DB /* HomeView.swift */,
				7FE20FFE2B47A7550087FAA5 /* HomeViewInteractor.swift */,
				7FE20FF42B3F612D0087FAA5 /* HomeViewState.swift */,
			);
			path = Home;
			sourceTree = "<group>";
		};
		7F87BFDD2B30D9FB000F6251 /* Category */ = {
			isa = PBXGroup;
			children = (
				7F87BFDE2B30DA14000F6251 /* CategoryView.swift */,
				7F5684E02B54BB4600BAFDE9 /* CategoryViewInteractor.swift */,
				7F5684DE2B5488DE00BAFDE9 /* CategoryViewState.swift */,
			);
			path = Category;
			sourceTree = "<group>";
		};
		7FB272F72B1ECFF400AAC5DB = {
			isa = PBXGroup;
			children = (
				7FB273022B1ECFF400AAC5DB /* VvsiSample */,
				7FB273142B1ECFF500AAC5DB /* VvsiSampleTests */,
				7FB2731E2B1ECFF500AAC5DB /* VvsiSampleUITests */,
				7FB273012B1ECFF400AAC5DB /* Products */,
			);
			sourceTree = "<group>";
		};
		7FB273012B1ECFF400AAC5DB /* Products */ = {
			isa = PBXGroup;
			children = (
				7FB273002B1ECFF400AAC5DB /* VvsiSample.app */,
				7FB273112B1ECFF500AAC5DB /* VvsiSampleTests.xctest */,
				7FB2731B2B1ECFF500AAC5DB /* VvsiSampleUITests.xctest */,
			);
			name = Products;
			sourceTree = "<group>";
		};
		7FB273022B1ECFF400AAC5DB /* VvsiSample */ = {
			isa = PBXGroup;
			children = (
				7F308B4C2B1ED651009682EB /* Extensions */,
				7FE20FF62B40C0740087FAA5 /* Services */,
				7F308B4F2B1ED7D3009682EB /* Views */,
				7FB273032B1ECFF400AAC5DB /* VvsiSampleApp.swift */,
				7FB273072B1ECFF500AAC5DB /* Assets.xcassets */,
				7FB273092B1ECFF500AAC5DB /* VvsiSample.entitlements */,
				7FB2730A2B1ECFF500AAC5DB /* Preview Content */,
			);
			path = VvsiSample;
			sourceTree = "<group>";
		};
		7FB2730A2B1ECFF500AAC5DB /* Preview Content */ = {
			isa = PBXGroup;
			children = (
				7FB2730B2B1ECFF500AAC5DB /* Preview Assets.xcassets */,
			);
			path = "Preview Content";
			sourceTree = "<group>";
		};
		7FB273142B1ECFF500AAC5DB /* VvsiSampleTests */ = {
			isa = PBXGroup;
			children = (
				7FB273152B1ECFF500AAC5DB /* VvsiSampleTests.swift */,
			);
			path = VvsiSampleTests;
			sourceTree = "<group>";
		};
		7FB2731E2B1ECFF500AAC5DB /* VvsiSampleUITests */ = {
			isa = PBXGroup;
			children = (
				7FB2731F2B1ECFF500AAC5DB /* VvsiSampleUITests.swift */,
				7FB273212B1ECFF500AAC5DB /* VvsiSampleUITestsLaunchTests.swift */,
			);
			path = VvsiSampleUITests;
			sourceTree = "<group>";
		};
		7FE20FEF2B3F4AE90087FAA5 /* _Helpers */ = {
			isa = PBXGroup;
			children = (
				7FE20FF02B3F4B020087FAA5 /* ViewStateBase.swift */,
				7F5684E42B557C9F00BAFDE9 /* ViewInteracting.swift */,
				7F5684E22B54D88800BAFDE9 /* ViewInteractorBase.swift */,
			);
			path = _Helpers;
			sourceTree = "<group>";
		};
		7FE20FF62B40C0740087FAA5 /* Services */ = {
			isa = PBXGroup;
			children = (
				7FE20FF92B43C2E20087FAA5 /* AppUrlSession.swift */,
				7FE210002B47A7E50087FAA5 /* AppUrlSessionHandling.swift */,
				7FE20FF72B40C4DF0087FAA5 /* ChuckNorrisIoRequest.swift */,
				7FE20FFB2B47A57F0087FAA5 /* Models */,
			);
			path = Services;
			sourceTree = "<group>";
		};
		7FE20FFB2B47A57F0087FAA5 /* Models */ = {
			isa = PBXGroup;
			children = (
				7FE20FFC2B47A5C90087FAA5 /* ChuckNorrisJoke.swift */,
			);
			path = Models;
			sourceTree = "<group>";
		};
		7FE3115A2B21702800E097D7 /* _Modifiers */ = {
			isa = PBXGroup;
			children = (
				7FE3115B2B21705900E097D7 /* TextModifiers.swift */,
			);
			path = _Modifiers;
			sourceTree = "<group>";
		};
		7FE3115D2B22A78800E097D7 /* _Components */ = {
			isa = PBXGroup;
			children = (
				7FE20FF22B3F54A90087FAA5 /* AppAlert.swift */,
				7FE311632B22BDA800E097D7 /* AppButtonStyle.swift */,
			);
			path = _Components;
			sourceTree = "<group>";
		};
/* End PBXGroup section */

/* Begin PBXNativeTarget section */
		7FB272FF2B1ECFF400AAC5DB /* VvsiSample */ = {
			isa = PBXNativeTarget;
			buildConfigurationList = 7FB273252B1ECFF500AAC5DB /* Build configuration list for PBXNativeTarget "VvsiSample" */;
			buildPhases = (
				7FB272FC2B1ECFF400AAC5DB /* Sources */,
				7FB272FD2B1ECFF400AAC5DB /* Frameworks */,
				7FB272FE2B1ECFF400AAC5DB /* Resources */,
			);
			buildRules = (
			);
			dependencies = (
			);
			name = VvsiSample;
			productName = VvsiSample;
			productReference = 7FB273002B1ECFF400AAC5DB /* VvsiSample.app */;
			productType = "com.apple.product-type.application";
		};
		7FB273102B1ECFF500AAC5DB /* VvsiSampleTests */ = {
			isa = PBXNativeTarget;
			buildConfigurationList = 7FB273282B1ECFF500AAC5DB /* Build configuration list for PBXNativeTarget "VvsiSampleTests" */;
			buildPhases = (
				7FB2730D2B1ECFF500AAC5DB /* Sources */,
				7FB2730E2B1ECFF500AAC5DB /* Frameworks */,
				7FB2730F2B1ECFF500AAC5DB /* Resources */,
			);
			buildRules = (
			);
			dependencies = (
				7FB273132B1ECFF500AAC5DB /* PBXTargetDependency */,
			);
			name = VvsiSampleTests;
			productName = VvsiSampleTests;
			productReference = 7FB273112B1ECFF500AAC5DB /* VvsiSampleTests.xctest */;
			productType = "com.apple.product-type.bundle.unit-test";
		};
		7FB2731A2B1ECFF500AAC5DB /* VvsiSampleUITests */ = {
			isa = PBXNativeTarget;
			buildConfigurationList = 7FB2732B2B1ECFF500AAC5DB /* Build configuration list for PBXNativeTarget "VvsiSampleUITests" */;
			buildPhases = (
				7FB273172B1ECFF500AAC5DB /* Sources */,
				7FB273182B1ECFF500AAC5DB /* Frameworks */,
				7FB273192B1ECFF500AAC5DB /* Resources */,
			);
			buildRules = (
			);
			dependencies = (
				7FB2731D2B1ECFF500AAC5DB /* PBXTargetDependency */,
			);
			name = VvsiSampleUITests;
			productName = VvsiSampleUITests;
			productReference = 7FB2731B2B1ECFF500AAC5DB /* VvsiSampleUITests.xctest */;
			productType = "com.apple.product-type.bundle.ui-testing";
		};
/* End PBXNativeTarget section */

/* Begin PBXProject section */
		7FB272F82B1ECFF400AAC5DB /* Project object */ = {
			isa = PBXProject;
			attributes = {
				BuildIndependentTargetsInParallel = 1;
				LastSwiftUpdateCheck = 1500;
				LastUpgradeCheck = 1510;
				TargetAttributes = {
					7FB272FF2B1ECFF400AAC5DB = {
						CreatedOnToolsVersion = 15.0;
					};
					7FB273102B1ECFF500AAC5DB = {
						CreatedOnToolsVersion = 15.0;
						TestTargetID = 7FB272FF2B1ECFF400AAC5DB;
					};
					7FB2731A2B1ECFF500AAC5DB = {
						CreatedOnToolsVersion = 15.0;
						TestTargetID = 7FB272FF2B1ECFF400AAC5DB;
					};
				};
			};
			buildConfigurationList = 7FB272FB2B1ECFF400AAC5DB /* Build configuration list for PBXProject "VvsiSample" */;
			compatibilityVersion = "Xcode 14.0";
			developmentRegion = en;
			hasScannedForEncodings = 0;
			knownRegions = (
				en,
				Base,
			);
			mainGroup = 7FB272F72B1ECFF400AAC5DB;
			productRefGroup = 7FB273012B1ECFF400AAC5DB /* Products */;
			projectDirPath = "";
			projectRoot = "";
			targets = (
				7FB272FF2B1ECFF400AAC5DB /* VvsiSample */,
				7FB273102B1ECFF500AAC5DB /* VvsiSampleTests */,
				7FB2731A2B1ECFF500AAC5DB /* VvsiSampleUITests */,
			);
		};
/* End PBXProject section */

/* Begin PBXResourcesBuildPhase section */
		7FB272FE2B1ECFF400AAC5DB /* Resources */ = {
			isa = PBXResourcesBuildPhase;
			buildActionMask = 2147483647;
			files = (
				7FB2730C2B1ECFF500AAC5DB /* Preview Assets.xcassets in Resources */,
				7FB273082B1ECFF500AAC5DB /* Assets.xcassets in Resources */,
			);
			runOnlyForDeploymentPostprocessing = 0;
		};
		7FB2730F2B1ECFF500AAC5DB /* Resources */ = {
			isa = PBXResourcesBuildPhase;
			buildActionMask = 2147483647;
			files = (
			);
			runOnlyForDeploymentPostprocessing = 0;
		};
		7FB273192B1ECFF500AAC5DB /* Resources */ = {
			isa = PBXResourcesBuildPhase;
			buildActionMask = 2147483647;
			files = (
			);
			runOnlyForDeploymentPostprocessing = 0;
		};
/* End PBXResourcesBuildPhase section */

/* Begin PBXSourcesBuildPhase section */
		7FB272FC2B1ECFF400AAC5DB /* Sources */ = {
			isa = PBXSourcesBuildPhase;
			buildActionMask = 2147483647;
			files = (
				7F5684E32B54D88800BAFDE9 /* ViewInteractorBase.swift in Sources */,
				7FE311642B22BDA800E097D7 /* AppButtonStyle.swift in Sources */,
				7F5684DB2B54813200BAFDE9 /* NavigationState.swift in Sources */,
				7FE311572B21676E00E097D7 /* Font.swift in Sources */,
				7FE3115C2B21705900E097D7 /* TextModifiers.swift in Sources */,
				7FE210012B47A7E50087FAA5 /* AppUrlSessionHandling.swift in Sources */,
				7FB273062B1ECFF400AAC5DB /* HomeView.swift in Sources */,
				7F308B4E2B1ED679009682EB /* Image.swift in Sources */,
				7FE20FF52B3F612D0087FAA5 /* HomeViewState.swift in Sources */,
				7F5684D92B5477EE00BAFDE9 /* MainCoordinator.swift in Sources */,
				7F5684E12B54BB4600BAFDE9 /* CategoryViewInteractor.swift in Sources */,
				7F5684E52B557C9F00BAFDE9 /* ViewInteracting.swift in Sources */,
				7FE20FFF2B47A7550087FAA5 /* HomeViewInteractor.swift in Sources */,
				7F65F99F2B4A68B1007E6F2C /* Logger.swift in Sources */,
				7FE20FFD2B47A5C90087FAA5 /* ChuckNorrisJoke.swift in Sources */,
				7FE20FFA2B43C2E20087FAA5 /* AppUrlSession.swift in Sources */,
				7F87BFDC2B2C02E3000F6251 /* HomeCategoryListRow.swift in Sources */,
				7F5684DF2B5488DE00BAFDE9 /* CategoryViewState.swift in Sources */,
				7F87BFDF2B30DA14000F6251 /* CategoryView.swift in Sources */,
				7F5684DD2B54851200BAFDE9 /* NavigationPathing.swift in Sources */,
				7FE20FF12B3F4B020087FAA5 /* ViewStateBase.swift in Sources */,
				7FE20FF82B40C4DF0087FAA5 /* ChuckNorrisIoRequest.swift in Sources */,
				7FE20FF32B3F54A90087FAA5 /* AppAlert.swift in Sources */,
				7FB273042B1ECFF400AAC5DB /* VvsiSampleApp.swift in Sources */,
			);
			runOnlyForDeploymentPostprocessing = 0;
		};
		7FB2730D2B1ECFF500AAC5DB /* Sources */ = {
			isa = PBXSourcesBuildPhase;
			buildActionMask = 2147483647;
			files = (
				7FB273162B1ECFF500AAC5DB /* VvsiSampleTests.swift in Sources */,
			);
			runOnlyForDeploymentPostprocessing = 0;
		};
		7FB273172B1ECFF500AAC5DB /* Sources */ = {
			isa = PBXSourcesBuildPhase;
			buildActionMask = 2147483647;
			files = (
				7FB273222B1ECFF500AAC5DB /* VvsiSampleUITestsLaunchTests.swift in Sources */,
				7FB273202B1ECFF500AAC5DB /* VvsiSampleUITests.swift in Sources */,
			);
			runOnlyForDeploymentPostprocessing = 0;
		};
/* End PBXSourcesBuildPhase section */

/* Begin PBXTargetDependency section */
		7FB273132B1ECFF500AAC5DB /* PBXTargetDependency */ = {
			isa = PBXTargetDependency;
			target = 7FB272FF2B1ECFF400AAC5DB /* VvsiSample */;
			targetProxy = 7FB273122B1ECFF500AAC5DB /* PBXContainerItemProxy */;
		};
		7FB2731D2B1ECFF500AAC5DB /* PBXTargetDependency */ = {
			isa = PBXTargetDependency;
			target = 7FB272FF2B1ECFF400AAC5DB /* VvsiSample */;
			targetProxy = 7FB2731C2B1ECFF500AAC5DB /* PBXContainerItemProxy */;
		};
/* End PBXTargetDependency section */

/* Begin XCBuildConfiguration section */
		7FB273232B1ECFF500AAC5DB /* Debug */ = {
			isa = XCBuildConfiguration;
			buildSettings = {
				ALWAYS_SEARCH_USER_PATHS = NO;
				ASSETCATALOG_COMPILER_GENERATE_SWIFT_ASSET_SYMBOL_EXTENSIONS = YES;
				CLANG_ANALYZER_NONNULL = YES;
				CLANG_ANALYZER_NUMBER_OBJECT_CONVERSION = YES_AGGRESSIVE;
				CLANG_CXX_LANGUAGE_STANDARD = "gnu++20";
				CLANG_ENABLE_MODULES = YES;
				CLANG_ENABLE_OBJC_ARC = YES;
				CLANG_ENABLE_OBJC_WEAK = YES;
				CLANG_WARN_BLOCK_CAPTURE_AUTORELEASING = YES;
				CLANG_WARN_BOOL_CONVERSION = YES;
				CLANG_WARN_COMMA = YES;
				CLANG_WARN_CONSTANT_CONVERSION = YES;
				CLANG_WARN_DEPRECATED_OBJC_IMPLEMENTATIONS = YES;
				CLANG_WARN_DIRECT_OBJC_ISA_USAGE = YES_ERROR;
				CLANG_WARN_DOCUMENTATION_COMMENTS = YES;
				CLANG_WARN_EMPTY_BODY = YES;
				CLANG_WARN_ENUM_CONVERSION = YES;
				CLANG_WARN_INFINITE_RECURSION = YES;
				CLANG_WARN_INT_CONVERSION = YES;
				CLANG_WARN_NON_LITERAL_NULL_CONVERSION = YES;
				CLANG_WARN_OBJC_IMPLICIT_RETAIN_SELF = YES;
				CLANG_WARN_OBJC_LITERAL_CONVERSION = YES;
				CLANG_WARN_OBJC_ROOT_CLASS = YES_ERROR;
				CLANG_WARN_QUOTED_INCLUDE_IN_FRAMEWORK_HEADER = YES;
				CLANG_WARN_RANGE_LOOP_ANALYSIS = YES;
				CLANG_WARN_STRICT_PROTOTYPES = YES;
				CLANG_WARN_SUSPICIOUS_MOVE = YES;
				CLANG_WARN_UNGUARDED_AVAILABILITY = YES_AGGRESSIVE;
				CLANG_WARN_UNREACHABLE_CODE = YES;
				CLANG_WARN__DUPLICATE_METHOD_MATCH = YES;
				COPY_PHASE_STRIP = NO;
				DEAD_CODE_STRIPPING = YES;
				DEBUG_INFORMATION_FORMAT = dwarf;
				ENABLE_STRICT_OBJC_MSGSEND = YES;
				ENABLE_TESTABILITY = YES;
				ENABLE_USER_SCRIPT_SANDBOXING = YES;
				GCC_C_LANGUAGE_STANDARD = gnu17;
				GCC_DYNAMIC_NO_PIC = NO;
				GCC_NO_COMMON_BLOCKS = YES;
				GCC_OPTIMIZATION_LEVEL = 0;
				GCC_PREPROCESSOR_DEFINITIONS = (
					"DEBUG=1",
					"$(inherited)",
				);
				GCC_WARN_64_TO_32_BIT_CONVERSION = YES;
				GCC_WARN_ABOUT_RETURN_TYPE = YES_ERROR;
				GCC_WARN_UNDECLARED_SELECTOR = YES;
				GCC_WARN_UNINITIALIZED_AUTOS = YES_AGGRESSIVE;
				GCC_WARN_UNUSED_FUNCTION = YES;
				GCC_WARN_UNUSED_VARIABLE = YES;
				LOCALIZATION_PREFERS_STRING_CATALOGS = YES;
				MTL_ENABLE_DEBUG_INFO = INCLUDE_SOURCE;
				MTL_FAST_MATH = YES;
				ONLY_ACTIVE_ARCH = YES;
				SWIFT_ACTIVE_COMPILATION_CONDITIONS = "DEBUG $(inherited)";
				SWIFT_OPTIMIZATION_LEVEL = "-Onone";
			};
			name = Debug;
		};
		7FB273242B1ECFF500AAC5DB /* Release */ = {
			isa = XCBuildConfiguration;
			buildSettings = {
				ALWAYS_SEARCH_USER_PATHS = NO;
				ASSETCATALOG_COMPILER_GENERATE_SWIFT_ASSET_SYMBOL_EXTENSIONS = YES;
				CLANG_ANALYZER_NONNULL = YES;
				CLANG_ANALYZER_NUMBER_OBJECT_CONVERSION = YES_AGGRESSIVE;
				CLANG_CXX_LANGUAGE_STANDARD = "gnu++20";
				CLANG_ENABLE_MODULES = YES;
				CLANG_ENABLE_OBJC_ARC = YES;
				CLANG_ENABLE_OBJC_WEAK = YES;
				CLANG_WARN_BLOCK_CAPTURE_AUTORELEASING = YES;
				CLANG_WARN_BOOL_CONVERSION = YES;
				CLANG_WARN_COMMA = YES;
				CLANG_WARN_CONSTANT_CONVERSION = YES;
				CLANG_WARN_DEPRECATED_OBJC_IMPLEMENTATIONS = YES;
				CLANG_WARN_DIRECT_OBJC_ISA_USAGE = YES_ERROR;
				CLANG_WARN_DOCUMENTATION_COMMENTS = YES;
				CLANG_WARN_EMPTY_BODY = YES;
				CLANG_WARN_ENUM_CONVERSION = YES;
				CLANG_WARN_INFINITE_RECURSION = YES;
				CLANG_WARN_INT_CONVERSION = YES;
				CLANG_WARN_NON_LITERAL_NULL_CONVERSION = YES;
				CLANG_WARN_OBJC_IMPLICIT_RETAIN_SELF = YES;
				CLANG_WARN_OBJC_LITERAL_CONVERSION = YES;
				CLANG_WARN_OBJC_ROOT_CLASS = YES_ERROR;
				CLANG_WARN_QUOTED_INCLUDE_IN_FRAMEWORK_HEADER = YES;
				CLANG_WARN_RANGE_LOOP_ANALYSIS = YES;
				CLANG_WARN_STRICT_PROTOTYPES = YES;
				CLANG_WARN_SUSPICIOUS_MOVE = YES;
				CLANG_WARN_UNGUARDED_AVAILABILITY = YES_AGGRESSIVE;
				CLANG_WARN_UNREACHABLE_CODE = YES;
				CLANG_WARN__DUPLICATE_METHOD_MATCH = YES;
				COPY_PHASE_STRIP = NO;
				DEAD_CODE_STRIPPING = YES;
				DEBUG_INFORMATION_FORMAT = "dwarf-with-dsym";
				ENABLE_NS_ASSERTIONS = NO;
				ENABLE_STRICT_OBJC_MSGSEND = YES;
				ENABLE_USER_SCRIPT_SANDBOXING = YES;
				GCC_C_LANGUAGE_STANDARD = gnu17;
				GCC_NO_COMMON_BLOCKS = YES;
				GCC_WARN_64_TO_32_BIT_CONVERSION = YES;
				GCC_WARN_ABOUT_RETURN_TYPE = YES_ERROR;
				GCC_WARN_UNDECLARED_SELECTOR = YES;
				GCC_WARN_UNINITIALIZED_AUTOS = YES_AGGRESSIVE;
				GCC_WARN_UNUSED_FUNCTION = YES;
				GCC_WARN_UNUSED_VARIABLE = YES;
				LOCALIZATION_PREFERS_STRING_CATALOGS = YES;
				MTL_ENABLE_DEBUG_INFO = NO;
				MTL_FAST_MATH = YES;
				SWIFT_COMPILATION_MODE = wholemodule;
			};
			name = Release;
		};
		7FB273262B1ECFF500AAC5DB /* Debug */ = {
			isa = XCBuildConfiguration;
			buildSettings = {
				ASSETCATALOG_COMPILER_APPICON_NAME = AppIcon;
				ASSETCATALOG_COMPILER_GLOBAL_ACCENT_COLOR_NAME = AccentColor;
				CODE_SIGN_ENTITLEMENTS = VvsiSample/VvsiSample.entitlements;
				CODE_SIGN_STYLE = Automatic;
				CURRENT_PROJECT_VERSION = 1;
				DEAD_CODE_STRIPPING = YES;
				DEVELOPMENT_ASSET_PATHS = "\"VvsiSample/Preview Content\"";
				DEVELOPMENT_TEAM = 9JG95NNF4W;
				ENABLE_HARDENED_RUNTIME = YES;
				ENABLE_PREVIEWS = YES;
				GENERATE_INFOPLIST_FILE = YES;
				"INFOPLIST_KEY_UIApplicationSceneManifest_Generation[sdk=iphoneos*]" = YES;
				"INFOPLIST_KEY_UIApplicationSceneManifest_Generation[sdk=iphonesimulator*]" = YES;
				"INFOPLIST_KEY_UIApplicationSupportsIndirectInputEvents[sdk=iphoneos*]" = YES;
				"INFOPLIST_KEY_UIApplicationSupportsIndirectInputEvents[sdk=iphonesimulator*]" = YES;
				"INFOPLIST_KEY_UILaunchScreen_Generation[sdk=iphoneos*]" = YES;
				"INFOPLIST_KEY_UILaunchScreen_Generation[sdk=iphonesimulator*]" = YES;
				"INFOPLIST_KEY_UIStatusBarStyle[sdk=iphoneos*]" = UIStatusBarStyleDefault;
				"INFOPLIST_KEY_UIStatusBarStyle[sdk=iphonesimulator*]" = UIStatusBarStyleDefault;
				INFOPLIST_KEY_UISupportedInterfaceOrientations_iPad = "UIInterfaceOrientationPortrait UIInterfaceOrientationPortraitUpsideDown UIInterfaceOrientationLandscapeLeft UIInterfaceOrientationLandscapeRight";
				INFOPLIST_KEY_UISupportedInterfaceOrientations_iPhone = "UIInterfaceOrientationPortrait UIInterfaceOrientationLandscapeLeft UIInterfaceOrientationLandscapeRight";
				IPHONEOS_DEPLOYMENT_TARGET = 17.0;
				LD_RUNPATH_SEARCH_PATHS = "@executable_path/Frameworks";
				"LD_RUNPATH_SEARCH_PATHS[sdk=macosx*]" = "@executable_path/../Frameworks";
				MACOSX_DEPLOYMENT_TARGET = 14.0;
				MARKETING_VERSION = 1.0;
				PRODUCT_BUNDLE_IDENTIFIER = com.randomvisual.VvsiSample;
				PRODUCT_NAME = "$(TARGET_NAME)";
				SDKROOT = auto;
				SUPPORTED_PLATFORMS = "iphoneos iphonesimulator macosx";
				SWIFT_EMIT_LOC_STRINGS = YES;
				SWIFT_VERSION = 5.0;
				TARGETED_DEVICE_FAMILY = "1,2";
			};
			name = Debug;
		};
		7FB273272B1ECFF500AAC5DB /* Release */ = {
			isa = XCBuildConfiguration;
			buildSettings = {
				ASSETCATALOG_COMPILER_APPICON_NAME = AppIcon;
				ASSETCATALOG_COMPILER_GLOBAL_ACCENT_COLOR_NAME = AccentColor;
				CODE_SIGN_ENTITLEMENTS = VvsiSample/VvsiSample.entitlements;
				CODE_SIGN_STYLE = Automatic;
				CURRENT_PROJECT_VERSION = 1;
				DEAD_CODE_STRIPPING = YES;
				DEVELOPMENT_ASSET_PATHS = "\"VvsiSample/Preview Content\"";
				DEVELOPMENT_TEAM = 9JG95NNF4W;
				ENABLE_HARDENED_RUNTIME = YES;
				ENABLE_PREVIEWS = YES;
				GENERATE_INFOPLIST_FILE = YES;
				"INFOPLIST_KEY_UIApplicationSceneManifest_Generation[sdk=iphoneos*]" = YES;
				"INFOPLIST_KEY_UIApplicationSceneManifest_Generation[sdk=iphonesimulator*]" = YES;
				"INFOPLIST_KEY_UIApplicationSupportsIndirectInputEvents[sdk=iphoneos*]" = YES;
				"INFOPLIST_KEY_UIApplicationSupportsIndirectInputEvents[sdk=iphonesimulator*]" = YES;
				"INFOPLIST_KEY_UILaunchScreen_Generation[sdk=iphoneos*]" = YES;
				"INFOPLIST_KEY_UILaunchScreen_Generation[sdk=iphonesimulator*]" = YES;
				"INFOPLIST_KEY_UIStatusBarStyle[sdk=iphoneos*]" = UIStatusBarStyleDefault;
				"INFOPLIST_KEY_UIStatusBarStyle[sdk=iphonesimulator*]" = UIStatusBarStyleDefault;
				INFOPLIST_KEY_UISupportedInterfaceOrientations_iPad = "UIInterfaceOrientationPortrait UIInterfaceOrientationPortraitUpsideDown UIInterfaceOrientationLandscapeLeft UIInterfaceOrientationLandscapeRight";
				INFOPLIST_KEY_UISupportedInterfaceOrientations_iPhone = "UIInterfaceOrientationPortrait UIInterfaceOrientationLandscapeLeft UIInterfaceOrientationLandscapeRight";
				IPHONEOS_DEPLOYMENT_TARGET = 17.0;
				LD_RUNPATH_SEARCH_PATHS = "@executable_path/Frameworks";
				"LD_RUNPATH_SEARCH_PATHS[sdk=macosx*]" = "@executable_path/../Frameworks";
				MACOSX_DEPLOYMENT_TARGET = 14.0;
				MARKETING_VERSION = 1.0;
				PRODUCT_BUNDLE_IDENTIFIER = com.randomvisual.VvsiSample;
				PRODUCT_NAME = "$(TARGET_NAME)";
				SDKROOT = auto;
				SUPPORTED_PLATFORMS = "iphoneos iphonesimulator macosx";
				SWIFT_EMIT_LOC_STRINGS = YES;
				SWIFT_VERSION = 5.0;
				TARGETED_DEVICE_FAMILY = "1,2";
			};
			name = Release;
		};
		7FB273292B1ECFF500AAC5DB /* Debug */ = {
			isa = XCBuildConfiguration;
			buildSettings = {
				ALWAYS_EMBED_SWIFT_STANDARD_LIBRARIES = YES;
				BUNDLE_LOADER = "$(TEST_HOST)";
				CODE_SIGN_STYLE = Automatic;
				CURRENT_PROJECT_VERSION = 1;
				DEAD_CODE_STRIPPING = YES;
				DEVELOPMENT_TEAM = 9JG95NNF4W;
				GENERATE_INFOPLIST_FILE = YES;
				IPHONEOS_DEPLOYMENT_TARGET = 17.0;
				MACOSX_DEPLOYMENT_TARGET = 14.0;
				MARKETING_VERSION = 1.0;
				PRODUCT_BUNDLE_IDENTIFIER = com.randomvisual.VvsiSampleTests;
				PRODUCT_NAME = "$(TARGET_NAME)";
				SDKROOT = auto;
				SUPPORTED_PLATFORMS = "iphoneos iphonesimulator macosx";
				SWIFT_EMIT_LOC_STRINGS = NO;
				SWIFT_VERSION = 5.0;
				TARGETED_DEVICE_FAMILY = "1,2";
				TEST_HOST = "$(BUILT_PRODUCTS_DIR)/VvsiSample.app/$(BUNDLE_EXECUTABLE_FOLDER_PATH)/VvsiSample";
			};
			name = Debug;
		};
		7FB2732A2B1ECFF500AAC5DB /* Release */ = {
			isa = XCBuildConfiguration;
			buildSettings = {
				ALWAYS_EMBED_SWIFT_STANDARD_LIBRARIES = YES;
				BUNDLE_LOADER = "$(TEST_HOST)";
				CODE_SIGN_STYLE = Automatic;
				CURRENT_PROJECT_VERSION = 1;
				DEAD_CODE_STRIPPING = YES;
				DEVELOPMENT_TEAM = 9JG95NNF4W;
				GENERATE_INFOPLIST_FILE = YES;
				IPHONEOS_DEPLOYMENT_TARGET = 17.0;
				MACOSX_DEPLOYMENT_TARGET = 14.0;
				MARKETING_VERSION = 1.0;
				PRODUCT_BUNDLE_IDENTIFIER = com.randomvisual.VvsiSampleTests;
				PRODUCT_NAME = "$(TARGET_NAME)";
				SDKROOT = auto;
				SUPPORTED_PLATFORMS = "iphoneos iphonesimulator macosx";
				SWIFT_EMIT_LOC_STRINGS = NO;
				SWIFT_VERSION = 5.0;
				TARGETED_DEVICE_FAMILY = "1,2";
				TEST_HOST = "$(BUILT_PRODUCTS_DIR)/VvsiSample.app/$(BUNDLE_EXECUTABLE_FOLDER_PATH)/VvsiSample";
			};
			name = Release;
		};
		7FB2732C2B1ECFF500AAC5DB /* Debug */ = {
			isa = XCBuildConfiguration;
			buildSettings = {
				ALWAYS_EMBED_SWIFT_STANDARD_LIBRARIES = YES;
				CODE_SIGN_STYLE = Automatic;
				CURRENT_PROJECT_VERSION = 1;
				DEAD_CODE_STRIPPING = YES;
				DEVELOPMENT_TEAM = 9JG95NNF4W;
				GENERATE_INFOPLIST_FILE = YES;
				IPHONEOS_DEPLOYMENT_TARGET = 17.0;
				MACOSX_DEPLOYMENT_TARGET = 14.0;
				MARKETING_VERSION = 1.0;
				PRODUCT_BUNDLE_IDENTIFIER = com.randomvisual.VvsiSampleUITests;
				PRODUCT_NAME = "$(TARGET_NAME)";
				SDKROOT = auto;
				SUPPORTED_PLATFORMS = "iphoneos iphonesimulator macosx";
				SWIFT_EMIT_LOC_STRINGS = NO;
				SWIFT_VERSION = 5.0;
				TARGETED_DEVICE_FAMILY = "1,2";
				TEST_TARGET_NAME = VvsiSample;
			};
			name = Debug;
		};
		7FB2732D2B1ECFF500AAC5DB /* Release */ = {
			isa = XCBuildConfiguration;
			buildSettings = {
				ALWAYS_EMBED_SWIFT_STANDARD_LIBRARIES = YES;
				CODE_SIGN_STYLE = Automatic;
				CURRENT_PROJECT_VERSION = 1;
				DEAD_CODE_STRIPPING = YES;
				DEVELOPMENT_TEAM = 9JG95NNF4W;
				GENERATE_INFOPLIST_FILE = YES;
				IPHONEOS_DEPLOYMENT_TARGET = 17.0;
				MACOSX_DEPLOYMENT_TARGET = 14.0;
				MARKETING_VERSION = 1.0;
				PRODUCT_BUNDLE_IDENTIFIER = com.randomvisual.VvsiSampleUITests;
				PRODUCT_NAME = "$(TARGET_NAME)";
				SDKROOT = auto;
				SUPPORTED_PLATFORMS = "iphoneos iphonesimulator macosx";
				SWIFT_EMIT_LOC_STRINGS = NO;
				SWIFT_VERSION = 5.0;
				TARGETED_DEVICE_FAMILY = "1,2";
				TEST_TARGET_NAME = VvsiSample;
			};
			name = Release;
		};
/* End XCBuildConfiguration section */

/* Begin XCConfigurationList section */
		7FB272FB2B1ECFF400AAC5DB /* Build configuration list for PBXProject "VvsiSample" */ = {
			isa = XCConfigurationList;
			buildConfigurations = (
				7FB273232B1ECFF500AAC5DB /* Debug */,
				7FB273242B1ECFF500AAC5DB /* Release */,
			);
			defaultConfigurationIsVisible = 0;
			defaultConfigurationName = Release;
		};
		7FB273252B1ECFF500AAC5DB /* Build configuration list for PBXNativeTarget "VvsiSample" */ = {
			isa = XCConfigurationList;
			buildConfigurations = (
				7FB273262B1ECFF500AAC5DB /* Debug */,
				7FB273272B1ECFF500AAC5DB /* Release */,
			);
			defaultConfigurationIsVisible = 0;
			defaultConfigurationName = Release;
		};
		7FB273282B1ECFF500AAC5DB /* Build configuration list for PBXNativeTarget "VvsiSampleTests" */ = {
			isa = XCConfigurationList;
			buildConfigurations = (
				7FB273292B1ECFF500AAC5DB /* Debug */,
				7FB2732A2B1ECFF500AAC5DB /* Release */,
			);
			defaultConfigurationIsVisible = 0;
			defaultConfigurationName = Release;
		};
		7FB2732B2B1ECFF500AAC5DB /* Build configuration list for PBXNativeTarget "VvsiSampleUITests" */ = {
			isa = XCConfigurationList;
			buildConfigurations = (
				7FB2732C2B1ECFF500AAC5DB /* Debug */,
				7FB2732D2B1ECFF500AAC5DB /* Release */,
			);
			defaultConfigurationIsVisible = 0;
			defaultConfigurationName = Release;
		};
/* End XCConfigurationList section */
	};
	rootObject = 7FB272F82B1ECFF400AAC5DB /* Project object */;
}
